
Microsoft Visual Studio Solution File, Format Version 12.00
# Visual Studio Version 17
VisualStudioVersion = 17.9.34622.214
MinimumVisualStudioVersion = 10.0.40219.1
Project("{FAE04EC0-301F-11D3-BF4B-00C04F79EFBC}") = "Task Tracker project", "Task Tracker project\Task Tracker project.csproj", "{38F84296-0D33-47EB-8057-AA27EC2E80ED}"
EndProject
Global
	GlobalSection(SolutionConfigurationPlatforms) = preSolution
		Debug|Any CPU = Debug|Any CPU
		Release|Any CPU = Release|Any CPU
	EndGlobalSection
	GlobalSection(ProjectConfigurationPlatforms) = postSolution
		{38F84296-0D33-47EB-8057-AA27EC2E80ED}.Debug|Any CPU.ActiveCfg = Debug|Any CPU
		{38F84296-0D33-47EB-8057-AA27EC2E80ED}.Debug|Any CPU.Build.0 = Debug|Any CPU
		{38F84296-0D33-47EB-8057-AA27EC2E80ED}.Release|Any CPU.ActiveCfg = Release|Any CPU
		{38F84296-0D33-47EB-8057-AA27EC2E80ED}.Release|Any CPU.Build.0 = Release|Any CPU
	EndGlobalSection
	GlobalSection(SolutionProperties) = preSolution
		HideSolutionNode = FALSE
	EndGlobalSection
	GlobalSection(ExtensibilityGlobals) = postSolution
		SolutionGuid = {35F246AA-6595-4DB6-BFD0-F510DC77FAB2}
	EndGlobalSection
EndGlobal
